# @generated - this file is auto-generated by `mise lock` https://mise.jdx.dev/dev-tools/mise-lock.html

[[tools."cargo:bacon"]]
version = "3.25.0"
backend = "cargo:bacon"

[[tools.github-cli]]
version = "2.91.0"
backend = "aqua:cli/cli"

[tools.github-cli."platforms.linux-arm64"]
checksum = "sha256:ccbed39c472d3dc1c501d1e164a9cffd934c5f6fce1012811a1a59d24cb7d7c6"
url = "https://github.com/cli/cli/releases/download/v2.91.0/gh_2.91.0_linux_arm64.tar.gz"
url_api = "https://api.github.com/repos/cli/cli/releases/assets/402406784"
provenance = "github-attestations"

[tools.github-cli."platforms.linux-arm64-musl"]
checksum = "sha256:ccbed39c472d3dc1c501d1e164a9cffd934c5f6fce1012811a1a59d24cb7d7c6"
url = "https://github.com/cli/cli/releases/download/v2.91.0/gh_2.91.0_linux_arm64.tar.gz"
url_api = "https://api.github.com/repos/cli/cli/releases/assets/402406784"
provenance = "github-attestations"

[tools.github-cli."platforms.linux-x64"]
checksum = "sha256:304a0d2460f4a8847d2f192bad4e2a32cd9420d28716e7ae32198181b65b5f9c"
url = "https://github.com/cli/cli/releases/download/v2.91.0/gh_2.91.0_linux_amd64.tar.gz"
url_api = "https://api.github.com/repos/cli/cli/releases/assets/402406774"
provenance = "github-attestations"

[tools.github-cli."platforms.linux-x64-musl"]
checksum = "sha256:304a0d2460f4a8847d2f192bad4e2a32cd9420d28716e7ae32198181b65b5f9c"
url = "https://github.com/cli/cli/releases/download/v2.91.0/gh_2.91.0_linux_amd64.tar.gz"
url_api = "https://api.github.com/repos/cli/cli/releases/assets/402406774"
provenance = "github-attestations"

[tools.github-cli."platforms.macos-arm64"]
checksum = "sha256:20446cd714d9fa1b69fbd410deade3731f38fe09a2b980c8488aa388dd320ada"
url = "https://github.com/cli/cli/releases/download/v2.91.0/gh_2.91.0_macOS_arm64.zip"
url_api = "https://api.github.com/repos/cli/cli/releases/assets/402406802"
provenance = "github-attestations"

[tools.github-cli."platforms.macos-x64"]
checksum = "sha256:8806784f93603fe6d3f95c3583a08df38f175df9ebc123dc8b15f919329980e2"
url = "https://github.com/cli/cli/releases/download/v2.91.0/gh_2.91.0_macOS_amd64.zip"
url_api = "https://api.github.com/repos/cli/cli/releases/assets/402406801"
provenance = "github-attestations"

[tools.github-cli."platforms.windows-x64"]
checksum = "sha256:ced3e6f4bb5a9865056b594b7ad0cf42137dc92c494346f1ca705b5dbf14c88e"
url = "https://github.com/cli/cli/releases/download/v2.91.0/gh_2.91.0_windows_amd64.zip"
url_api = "https://api.github.com/repos/cli/cli/releases/assets/402406816"
provenance = "github-attestations"

[[tools."github:max-sixty/worktrunk"]]
version = "0.61.0"
backend = "github:max-sixty/worktrunk"

[tools."github:max-sixty/worktrunk"."platforms.linux-arm64"]
checksum = "sha256:851c3d6767580b46428e3f6f3447a689ff3bb1dea0fa3c43f5df4b6e0168b04d"
url = "https://github.com/max-sixty/worktrunk/releases/download/v0.61.0/worktrunk-aarch64-unknown-linux-musl.tar.xz"
url_api = "https://api.github.com/repos/max-sixty/worktrunk/releases/assets/453988228"

[tools."github:max-sixty/worktrunk"."platforms.linux-arm64-musl"]
checksum = "sha256:851c3d6767580b46428e3f6f3447a689ff3bb1dea0fa3c43f5df4b6e0168b04d"
url = "https://github.com/max-sixty/worktrunk/releases/download/v0.61.0/worktrunk-aarch64-unknown-linux-musl.tar.xz"
url_api = "https://api.github.com/repos/max-sixty/worktrunk/releases/assets/453988228"

[tools."github:max-sixty/worktrunk"."platforms.linux-x64"]
checksum = "sha256:95843c2c8cc5c46c1d06e73db7499d77e8224b2a784348b80bb0eb2edd50ec00"
url = "https://github.com/max-sixty/worktrunk/releases/download/v0.61.0/worktrunk-x86_64-unknown-linux-musl.tar.xz"
url_api = "https://api.github.com/repos/max-sixty/worktrunk/releases/assets/453988239"

[tools."github:max-sixty/worktrunk"."platforms.linux-x64-musl"]
checksum = "sha256:95843c2c8cc5c46c1d06e73db7499d77e8224b2a784348b80bb0eb2edd50ec00"
url = "https://github.com/max-sixty/worktrunk/releases/download/v0.61.0/worktrunk-x86_64-unknown-linux-musl.tar.xz"
url_api = "https://api.github.com/repos/max-sixty/worktrunk/releases/assets/453988239"

[tools."github:max-sixty/worktrunk"."platforms.macos-arm64"]
checksum = "sha256:adc53a7ebdf89220f7988c0871382cb948115cd89cd6ea2f98d7710069cadde9"
url = "https://github.com/max-sixty/worktrunk/releases/download/v0.61.0/worktrunk-aarch64-apple-darwin.tar.xz"
url_api = "https://api.github.com/repos/max-sixty/worktrunk/releases/assets/453988227"

[tools."github:max-sixty/worktrunk"."platforms.macos-x64"]
checksum = "sha256:8773e0938e61d5de254605134526f01dd593498acb8602f042eeb65679d8b40a"
url = "https://github.com/max-sixty/worktrunk/releases/download/v0.61.0/worktrunk-x86_64-apple-darwin.tar.xz"
url_api = "https://api.github.com/repos/max-sixty/worktrunk/releases/assets/453988233"

[tools."github:max-sixty/worktrunk"."platforms.windows-x64"]
checksum = "sha256:dfd658266e4b6a804546c42b0df87aa18a2f6cfafa7ae7297c3ba6c264c1adb8"
url = "https://github.com/max-sixty/worktrunk/releases/download/v0.61.0/worktrunk-x86_64-pc-windows-msvc.zip"
url_api = "https://api.github.com/repos/max-sixty/worktrunk/releases/assets/453988235"

[[tools.just]]
version = "1.57.0"
backend = "aqua:casey/just"

[tools.just."platforms.linux-arm64"]
checksum = "sha256:f225044a81adea6e0b3a8b9370aaf374e6af76c8735ae263ac993df55fd137ec"
url = "https://github.com/casey/just/releases/download/1.57.0/just-1.57.0-aarch64-unknown-linux-musl.tar.gz"
url_api = "https://api.github.com/repos/casey/just/releases/assets/481976912"

[tools.just."platforms.linux-arm64-musl"]
checksum = "sha256:f225044a81adea6e0b3a8b9370aaf374e6af76c8735ae263ac993df55fd137ec"
url = "https://github.com/casey/just/releases/download/1.57.0/just-1.57.0-aarch64-unknown-linux-musl.tar.gz"
url_api = "https://api.github.com/repos/casey/just/releases/assets/481976912"

[tools.just."platforms.linux-x64"]
checksum = "sha256:45b548094283cb9739af8f13273b8cddeee869f5b4ef2bb631b1f311cb566155"
url = "https://github.com/casey/just/releases/download/1.57.0/just-1.57.0-x86_64-unknown-linux-musl.tar.gz"
url_api = "https://api.github.com/repos/casey/just/releases/assets/481976790"

[tools.just."platforms.linux-x64-musl"]
checksum = "sha256:45b548094283cb9739af8f13273b8cddeee869f5b4ef2bb631b1f311cb566155"
url = "https://github.com/casey/just/releases/download/1.57.0/just-1.57.0-x86_64-unknown-linux-musl.tar.gz"
url_api = "https://api.github.com/repos/casey/just/releases/assets/481976790"

[tools.just."platforms.macos-arm64"]
checksum = "sha256:0381db216c2f97ce31d838a1562c1064dfbfa73f5a8a81581338a2cd9217df47"
url = "https://github.com/casey/just/releases/download/1.57.0/just-1.57.0-aarch64-apple-darwin.tar.gz"
url_api = "https://api.github.com/repos/casey/just/releases/assets/481976803"

[tools.just."platforms.macos-x64"]
checksum = "sha256:5e6ade3698095576274b2b32cc9e5d467185e8e40b04949004c04cc3d7e962dc"
url = "https://github.com/casey/just/releases/download/1.57.0/just-1.57.0-x86_64-apple-darwin.tar.gz"
url_api = "https://api.github.com/repos/casey/just/releases/assets/481976824"

[tools.just."platforms.windows-x64"]
checksum = "sha256:4c7391d17cb1d17b758b52004ee6411372b8a13ff37c3c9b9031625cb6026e09"
url = "https://github.com/casey/just/releases/download/1.57.0/just-1.57.0-x86_64-pc-windows-msvc.zip"
url_api = "https://api.github.com/repos/casey/just/releases/assets/481977734"
